PODS:
  - Nimble (7.0.3)
  - Quick (1.2.0)
  - SwiftCodeBuilder (0.1.0)

DEPENDENCIES:
  - Nimble (~> 7.0.2)
  - Quick (~> 1.2.0)
  - SwiftCodeBuilder (from `../`)

SPEC REPOS:
  https://github.com/cocoapods/specs.git:
    - Nimble
    - Quick

EXTERNAL SOURCES:
  SwiftCodeBuilder:
    :path: "../"

SPEC CHECKSUMS:
  Nimble: 7f5a9c447a33002645a071bddafbfb24ea70e0ac
  Quick: 58d203b1c5e27fff7229c4c1ae445ad7069a7a08
  SwiftCodeBuilder: bf56f2239701662ad279c1ad53a942bbe8b1e56a

PODFILE CHECKSUM: 2fd5b36efab634373032b73bbc5df24bfde44d04

COCOAPODS: 1.5.3
